
Microsoft Visual Studio Solution File, Format Version 12.00
# Visual Studio Version 16
VisualStudioVersion = 16.0.29503.13
MinimumVisualStudioVersion = 10.0.40219.1
Project("{FAE04EC0-301F-11D3-BF4B-00C04F79EFBC}") = "GTA Mod Uninstaller", "GTA Mod Uninstaller.csproj", "{7E0310A1-EEC1-46A7-AD25-CD4E59C56E73}"
EndProject
Global
	GlobalSection(SolutionConfigurationPlatforms) = preSolution
		Debug|Any CPU = Debug|Any CPU
		Release|Any CPU = Release|Any CPU
	EndGlobalSection
	GlobalSection(ProjectConfigurationPlatforms) = postSolution
		{7E0310A1-EEC1-46A7-AD25-CD4E59C56E73}.Debug|Any CPU.ActiveCfg = Debug|Any CPU
		{7E0310A1-EEC1-46A7-AD25-CD4E59C56E73}.Debug|Any CPU.Build.0 = Debug|Any CPU
		{7E0310A1-EEC1-46A7-AD25-CD4E59C56E73}.Release|Any CPU.ActiveCfg = Release|Any CPU
		{7E0310A1-EEC1-46A7-AD25-CD4E59C56E73}.Release|Any CPU.Build.0 = Release|Any CPU
	EndGlobalSection
	GlobalSection(SolutionProperties) = preSolution
		HideSolutionNode = FALSE
	EndGlobalSection
	GlobalSection(ExtensibilityGlobals) = postSolution
		SolutionGuid = {2CD8A5D9-F4A3-45C9-ACFA-E94CB95A7D95}
	EndGlobalSection
EndGlobal
